
Microsoft Visual Studio Solution File, Format Version 12.00
Project("{2150E333-8FDC-42A3-9474-1A3956D46DE8}") = "Indentity", "Indentity", "{DA16EFA7-0F70-47C3-8A92-F377FC5D10A4}"
EndProject
Project("{FAE04EC0-301F-11D3-BF4B-00C04F79EFBC}") = "DisasterTrackerApp.Identity", "Identity\DisasterTrackerApp.Identity\DisasterTrackerApp.Identity.csproj", "{64FF0C59-2D0E-468C-AD37-22F9C497088E}"
EndProject
Project("{FAE04EC0-301F-11D3-BF4B-00C04F79EFBC}") = "DisasterTracker.Identity.DAL", "Identity\DisasterTracker.Identity.DAL\DisasterTracker.Identity.DAL.csproj", "{B9AA0405-715F-4AEE-B150-3E9051AB5AE8}"
EndProject
Project("{2150E333-8FDC-42A3-9474-1A3956D46DE8}") = "Tracking", "Tracking", "{CF331332-E55C-4399-984B-169AAC488E5E}"
EndProject
Project("{FAE04EC0-301F-11D3-BF4B-00C04F79EFBC}") = "DisasterTrackerApp.WebApi", "Tracking\DisasterTrackerApp.WebApi\DisasterTrackerApp.WebApi.csproj", "{FFA0343F-C68D-4315-A284-12584320A5AE}"
EndProject
Project("{FAE04EC0-301F-11D3-BF4B-00C04F79EFBC}") = "DisasterTrackerApp.Entities", "Tracking\DisasterTrackerApp.Entities\DisasterTrackerApp.Entities.csproj", "{C2B80BDF-39B0-4A8F-8764-ECD3103DFD3E}"
EndProject
Project("{FAE04EC0-301F-11D3-BF4B-00C04F79EFBC}") = "DisasterTrackerApp.Models", "Tracking\DisasterTrackerApp.Models\DisasterTrackerApp.Models.csproj", "{340E43C1-08B1-4261-82E5-E789374D76F7}"
EndProject
Project("{FAE04EC0-301F-11D3-BF4B-00C04F79EFBC}") = "DisasterTrackerApp.Utils", "Tracking\DisasterTrackerApp.Utils\DisasterTrackerApp.Utils.csproj", "{3038B6F2-84AD-48D7-8E57-2B9725900A87}"
EndProject
Project("{FAE04EC0-301F-11D3-BF4B-00C04F79EFBC}") = "DisasterTrackerApp.BL", "Tracking\DisasterTrackerApp.BL\DisasterTrackerApp.BL.csproj", "{77071022-E025-4C1D-8357-3F9EF7943770}"
EndProject
Project("{FAE04EC0-301F-11D3-BF4B-00C04F79EFBC}") = "DisasterTrackerApp.Dal", "Tracking\DisasterTrackerApp.Dal\DisasterTrackerApp.Dal.csproj", "{02018675-6367-44BE-8D38-6CB934C39C9F}"
EndProject
Global
	GlobalSection(SolutionConfigurationPlatforms) = preSolution
		Debug|Any CPU = Debug|Any CPU
		Release|Any CPU = Release|Any CPU
	EndGlobalSection
	GlobalSection(ProjectConfigurationPlatforms) = postSolution
		{64FF0C59-2D0E-468C-AD37-22F9C497088E}.Debug|Any CPU.ActiveCfg = Debug|Any CPU
		{64FF0C59-2D0E-468C-AD37-22F9C497088E}.Debug|Any CPU.Build.0 = Debug|Any CPU
		{64FF0C59-2D0E-468C-AD37-22F9C497088E}.Release|Any CPU.ActiveCfg = Release|Any CPU
		{64FF0C59-2D0E-468C-AD37-22F9C497088E}.Release|Any CPU.Build.0 = Release|Any CPU
		{B9AA0405-715F-4AEE-B150-3E9051AB5AE8}.Debug|Any CPU.ActiveCfg = Debug|Any CPU
		{B9AA0405-715F-4AEE-B150-3E9051AB5AE8}.Debug|Any CPU.Build.0 = Debug|Any CPU
		{B9AA0405-715F-4AEE-B150-3E9051AB5AE8}.Release|Any CPU.ActiveCfg = Release|Any CPU
		{B9AA0405-715F-4AEE-B150-3E9051AB5AE8}.Release|Any CPU.Build.0 = Release|Any CPU
		{FFA0343F-C68D-4315-A284-12584320A5AE}.Debug|Any CPU.ActiveCfg = Debug|Any CPU
		{FFA0343F-C68D-4315-A284-12584320A5AE}.Debug|Any CPU.Build.0 = Debug|Any CPU
		{FFA0343F-C68D-4315-A284-12584320A5AE}.Release|Any CPU.ActiveCfg = Release|Any CPU
		{FFA0343F-C68D-4315-A284-12584320A5AE}.Release|Any CPU.Build.0 = Release|Any CPU
		{C2B80BDF-39B0-4A8F-8764-ECD3103DFD3E}.Debug|Any CPU.ActiveCfg = Debug|Any CPU
		{C2B80BDF-39B0-4A8F-8764-ECD3103DFD3E}.Debug|Any CPU.Build.0 = Debug|Any CPU
		{C2B80BDF-39B0-4A8F-8764-ECD3103DFD3E}.Release|Any CPU.ActiveCfg = Release|Any CPU
		{C2B80BDF-39B0-4A8F-8764-ECD3103DFD3E}.Release|Any CPU.Build.0 = Release|Any CPU
		{340E43C1-08B1-4261-82E5-E789374D76F7}.Debug|Any CPU.ActiveCfg = Debug|Any CPU
		{340E43C1-08B1-4261-82E5-E789374D76F7}.Debug|Any CPU.Build.0 = Debug|Any CPU
		{340E43C1-08B1-4261-82E5-E789374D76F7}.Release|Any CPU.ActiveCfg = Release|Any CPU
		{340E43C1-08B1-4261-82E5-E789374D76F7}.Release|Any CPU.Build.0 = Release|Any CPU
		{3038B6F2-84AD-48D7-8E57-2B9725900A87}.Debug|Any CPU.ActiveCfg = Debug|Any CPU
		{3038B6F2-84AD-48D7-8E57-2B9725900A87}.Debug|Any CPU.Build.0 = Debug|Any CPU
		{3038B6F2-84AD-48D7-8E57-2B9725900A87}.Release|Any CPU.ActiveCfg = Release|Any CPU
		{3038B6F2-84AD-48D7-8E57-2B9725900A87}.Release|Any CPU.Build.0 = Release|Any CPU
		{77071022-E025-4C1D-8357-3F9EF7943770}.Debug|Any CPU.ActiveCfg = Debug|Any CPU
		{77071022-E025-4C1D-8357-3F9EF7943770}.Debug|Any CPU.Build.0 = Debug|Any CPU
		{77071022-E025-4C1D-8357-3F9EF7943770}.Release|Any CPU.ActiveCfg = Release|Any CPU
		{77071022-E025-4C1D-8357-3F9EF7943770}.Release|Any CPU.Build.0 = Release|Any CPU
		{02018675-6367-44BE-8D38-6CB934C39C9F}.Debug|Any CPU.ActiveCfg = Debug|Any CPU
		{02018675-6367-44BE-8D38-6CB934C39C9F}.Debug|Any CPU.Build.0 = Debug|Any CPU
		{02018675-6367-44BE-8D38-6CB934C39C9F}.Release|Any CPU.ActiveCfg = Release|Any CPU
		{02018675-6367-44BE-8D38-6CB934C39C9F}.Release|Any CPU.Build.0 = Release|Any CPU
	EndGlobalSection
	GlobalSection(NestedProjects) = preSolution
		{64FF0C59-2D0E-468C-AD37-22F9C497088E} = {DA16EFA7-0F70-47C3-8A92-F377FC5D10A4}
		{B9AA0405-715F-4AEE-B150-3E9051AB5AE8} = {DA16EFA7-0F70-47C3-8A92-F377FC5D10A4}
		{FFA0343F-C68D-4315-A284-12584320A5AE} = {CF331332-E55C-4399-984B-169AAC488E5E}
		{C2B80BDF-39B0-4A8F-8764-ECD3103DFD3E} = {CF331332-E55C-4399-984B-169AAC488E5E}
		{340E43C1-08B1-4261-82E5-E789374D76F7} = {CF331332-E55C-4399-984B-169AAC488E5E}
		{3038B6F2-84AD-48D7-8E57-2B9725900A87} = {CF331332-E55C-4399-984B-169AAC488E5E}
		{77071022-E025-4C1D-8357-3F9EF7943770} = {CF331332-E55C-4399-984B-169AAC488E5E}
		{02018675-6367-44BE-8D38-6CB934C39C9F} = {CF331332-E55C-4399-984B-169AAC488E5E}
	EndGlobalSection
EndGlobal
